// !$*UTF8*$!
{
	archiveVersion = 1;
	classes = {
	};
	objectVersion = 46;
	objects = {

/* Begin PBXBuildFile section */
		959386B41D7FC0850055C6BF /* main.m in Sources */ = {isa = PBXBuildFile; fileRef = 959386B31D7FC0850055C6BF /* main.m */; };
		959386B71D7FC0850055C6BF /* AppDelegate.m in Sources */ = {isa = PBXBuildFile; fileRef = 959386B61D7FC0850055C6BF /* AppDelegate.m */; };
		959386BA1D7FC0850055C6BF /* ViewController.m in Sources */ = {isa = PBXBuildFile; fileRef = 959386B91D7FC0850055C6BF /* ViewController.m */; };
		959386BD1D7FC0850055C6BF /* Main.storyboard in Resources */ = {isa = PBXBuildFile; fileRef = 959386BB1D7FC0850055C6BF /* Main.storyboard */; };
		959386BF1D7FC0850055C6BF /* Assets.xcassets in Resources */ = {isa = PBXBuildFile; fileRef = 959386BE1D7FC0850055C6BF /* Assets.xcassets */; };
		959386C21D7FC0850055C6BF /* LaunchScreen.storyboard in Resources */ = {isa = PBXBuildFile; fileRef = 959386C01D7FC0850055C6BF /* LaunchScreen.storyboard */; };
		959386CB1D7FC10B0055C6BF /* PurchaseCarAnimationTool.m in Sources */ = {isa = PBXBuildFile; fileRef = 959386CA1D7FC10B0055C6BF /* PurchaseCarAnimationTool.m */; };
		95BD4E8B1D8009F600200F7C /* TableViewCell.m in Sources */ = {isa = PBXBuildFile; fileRef = 95BD4E891D8009F600200F7C /* TableViewCell.m */; };
		95BD4E8C1D8009F600200F7C /* TableViewCell.xib in Resources */ = {isa = PBXBuildFile; fileRef = 95BD4E8A1D8009F600200F7C /* TableViewCell.xib */; };
/* End PBXBuildFile section */

/* Begin PBXFileReference section */
		959386AF1D7FC0850055C6BF /* PurchaseCarAnimation.app */ = {isa = PBXFileReference; explicitFileType = wrapper.application; includeInIndex = 0; path = PurchaseCarAnimation.app; sourceTree = BUILT_PRODUCTS_DIR; };
		959386B31D7FC0850055C6BF /* main.m */ = {isa = PBXFileReference; lastKnownFileType = sourcecode.c.objc; path = main.m; sourceTree = "<group>"; };
		959386B51D7FC0850055C6BF /* AppDelegate.h */ = {isa = PBXFileReference; lastKnownFileType = sourcecode.c.h; path = AppDelegate.h; sourceTree = "<group>"; };
		959386B61D7FC0850055C6BF /* AppDelegate.m */ = {isa = PBXFileReference; lastKnownFileType = sourcecode.c.objc; path = AppDelegate.m; sourceTree = "<group>"; };
		959386B81D7FC0850055C6BF /* ViewController.h */ = {isa = PBXFileReference; lastKnownFileType = sourcecode.c.h; path = ViewController.h; sourceTree = "<group>"; };
		959386B91D7FC0850055C6BF /* ViewController.m */ = {isa = PBXFileReference; lastKnownFileType = sourcecode.c.objc; path = ViewController.m; sourceTree = "<group>"; };
		959386BC1D7FC0850055C6BF /* Base */ = {isa = PBXFileReference; lastKnownFileType = file.storyboard; name = Base; path = Base.lproj/Main.storyboard; sourceTree = "<group>"; };
		959386BE1D7FC0850055C6BF /* Assets.xcassets */ = {isa = PBXFileReference; lastKnownFileType = folder.assetcatalog; path = Assets.xcassets; sourceTree = "<group>"; };
		959386C11D7FC0850055C6BF /* Base */ = {isa = PBXFileReference; lastKnownFileType = file.storyboard; name = Base; path = Base.lproj/LaunchScreen.storyboard; sourceTree = "<group>"; };
		959386C31D7FC0850055C6BF /* Info.plist */ = {isa = PBXFileReference; lastKnownFileType = text.plist.xml; path = Info.plist; sourceTree = "<group>"; };
		959386C91D7FC10B0055C6BF /* PurchaseCarAnimationTool.h */ = {isa = PBXFileReference; fileEncoding = 4; lastKnownFileType = sourcecode.c.h; path = PurchaseCarAnimationTool.h; sourceTree = "<group>"; };
		959386CA1D7FC10B0055C6BF /* PurchaseCarAnimationTool.m */ = {isa = PBXFileReference; fileEncoding = 4; lastKnownFileType = sourcecode.c.objc; path = PurchaseCarAnimationTool.m; sourceTree = "<group>"; };
		95BD4E881D8009F600200F7C /* TableViewCell.h */ = {isa = PBXFileReference; fileEncoding = 4; lastKnownFileType = sourcecode.c.h; path = TableViewCell.h; sourceTree = "<group>"; };
		95BD4E891D8009F600200F7C /* TableViewCell.m */ = {isa = PBXFileReference; fileEncoding = 4; lastKnownFileType = sourcecode.c.objc; path = TableViewCell.m; sourceTree = "<group>"; };
		95BD4E8A1D8009F600200F7C /* TableViewCell.xib */ = {isa = PBXFileReference; fileEncoding = 4; lastKnownFileType = file.xib; path = TableViewCell.xib; sourceTree = "<group>"; };
/* End PBXFileReference section */

/* Begin PBXFrameworksBuildPhase section */
		959386AC1D7FC0850055C6BF /* Frameworks */ = {
			isa = PBXFrameworksBuildPhase;
			buildActionMask = 2147483647;
			files = (
			);
			runOnlyForDeploymentPostprocessing = 0;
		};
/* End PBXFrameworksBuildPhase section */

/* Begin PBXGroup section */
		959386A61D7FC0850055C6BF = {
			isa = PBXGroup;
			children = (
				959386B11D7FC0850055C6BF /* PurchaseCarAnimation */,
				959386B01D7FC0850055C6BF /* Products */,
			);
			sourceTree = "<group>";
		};
		959386B01D7FC0850055C6BF /* Products */ = {
			isa = PBXGroup;
			children = (
				959386AF1D7FC0850055C6BF /* PurchaseCarAnimation.app */,
			);
			name = Products;
			sourceTree = "<group>";
		};
		959386B11D7FC0850055C6BF /* PurchaseCarAnimation */ = {
			isa = PBXGroup;
			children = (
				959386B51D7FC0850055C6BF /* AppDelegate.h */,
				959386B61D7FC0850055C6BF /* AppDelegate.m */,
				959386B81D7FC0850055C6BF /* ViewController.h */,
				959386B91D7FC0850055C6BF /* ViewController.m */,
				95BD4E881D8009F600200F7C /* TableViewCell.h */,
				95BD4E891D8009F600200F7C /* TableViewCell.m */,
				95BD4E8A1D8009F600200F7C /* TableViewCell.xib */,
				959386BB1D7FC0850055C6BF /* Main.storyboard */,
				959386C91D7FC10B0055C6BF /* PurchaseCarAnimationTool.h */,
				959386CA1D7FC10B0055C6BF /* PurchaseCarAnimationTool.m */,
				959386BE1D7FC0850055C6BF /* Assets.xcassets */,
				959386C01D7FC0850055C6BF /* LaunchScreen.storyboard */,
				959386C31D7FC0850055C6BF /* Info.plist */,
				959386B21D7FC0850055C6BF /* Supporting Files */,
			);
			path = PurchaseCarAnimation;
			sourceTree = "<group>";
		};
		959386B21D7FC0850055C6BF /* Supporting Files */ = {
			isa = PBXGroup;
			children = (
				959386B31D7FC0850055C6BF /* main.m */,
			);
			name = "Supporting Files";
			sourceTree = "<group>";
		};
/* End PBXGroup section */

/* Begin PBXNativeTarget section */
		959386AE1D7FC0850055C6BF /* PurchaseCarAnimation */ = {
			isa = PBXNativeTarget;
			buildConfigurationList = 959386C61D7FC0850055C6BF /* Build configuration list for PBXNativeTarget "PurchaseCarAnimation" */;
			buildPhases = (
				959386AB1D7FC0850055C6BF /* Sources */,
				959386AC1D7FC0850055C6BF /* Frameworks */,
				959386AD1D7FC0850055C6BF /* Resources */,
			);
			buildRules = (
			);
			dependencies = (
			);
			name = PurchaseCarAnimation;
			productName = PurchaseCarAnimation;
			productReference = 959386AF1D7FC0850055C6BF /* PurchaseCarAnimation.app */;
			productType = "com.apple.product-type.application";
		};
/* End PBXNativeTarget section */

/* Begin PBXProject section */
		959386A71D7FC0850055C6BF /* Project object */ = {
			isa = PBXProject;
			attributes = {
				LastUpgradeCheck = 0720;
				ORGANIZATIONNAME = Dom;
				TargetAttributes = {
					959386AE1D7FC0850055C6BF = {
						CreatedOnToolsVersion = 7.2.1;
						DevelopmentTeam = XWA7JYNQA2;
					};
				};
			};
			buildConfigurationList = 959386AA1D7FC0850055C6BF /* Build configuration list for PBXProject "PurchaseCarAnimation" */;
			compatibilityVersion = "Xcode 3.2";
			developmentRegion = English;
			hasScannedForEncodings = 0;
			knownRegions = (
				en,
				Base,
			);
			mainGroup = 959386A61D7FC0850055C6BF;
			productRefGroup = 959386B01D7FC0850055C6BF /* Products */;
			projectDirPath = "";
			projectRoot = "";
			targets = (
				959386AE1D7FC0850055C6BF /* PurchaseCarAnimation */,
			);
		};
/* End PBXProject section */

/* Begin PBXResourcesBuildPhase section */
		959386AD1D7FC0850055C6BF /* Resources */ = {
			isa = PBXResourcesBuildPhase;
			buildActionMask = 2147483647;
			files = (
				959386C21D7FC0850055C6BF /* LaunchScreen.storyboard in Resources */,
				95BD4E8C1D8009F600200F7C /* TableViewCell.xib in Resources */,
				959386BF1D7FC0850055C6BF /* Assets.xcassets in Resources */,
				959386BD1D7FC0850055C6BF /* Main.storyboard in Resources */,
			);
			runOnlyForDeploymentPostprocessing = 0;
		};
/* End PBXResourcesBuildPhase section */

/* Begin PBXSourcesBuildPhase section */
		959386AB1D7FC0850055C6BF /* Sources */ = {
			isa = PBXSourcesBuildPhase;
			buildActionMask = 2147483647;
			files = (
				959386CB1D7FC10B0055C6BF /* PurchaseCarAnimationTool.m in Sources */,
				959386BA1D7FC0850055C6BF /* ViewController.m in Sources */,
				959386B71D7FC0850055C6BF /* AppDelegate.m in Sources */,
				95BD4E8B1D8009F600200F7C /* TableViewCell.m in Sources */,
				959386B41D7FC0850055C6BF /* main.m in Sources */,
			);
			runOnlyForDeploymentPostprocessing = 0;
		};
/* End PBXSourcesBuildPhase section */

/* Begin PBXVariantGroup section */
		959386BB1D7FC0850055C6BF /* Main.storyboard */ = {
			isa = PBXVariantGroup;
			children = (
				959386BC1D7FC0850055C6BF /* Base */,
			);
			name = Main.storyboard;
			sourceTree = "<group>";
		};
		959386C01D7FC0850055C6BF /* LaunchScreen.storyboard */ = {
			isa = PBXVariantGroup;
			children = (
				959386C11D7FC0850055C6BF /* Base */,
			);
			name = LaunchScreen.storyboard;
			sourceTree = "<group>";
		};
/* End PBXVariantGroup section */

/* Begin XCBuildConfiguration section */
		959386C41D7FC0850055C6BF /* Debug */ = {
			isa = XCBuildConfiguration;
			buildSettings = {
				ALWAYS_SEARCH_USER_PATHS = NO;
				CLANG_CXX_LANGUAGE_STANDARD = "gnu++0x";
				CLANG_CXX_LIBRARY = "libc++";
				CLANG_ENABLE_MODULES = YES;
				CLANG_ENABLE_OBJC_ARC = YES;
				CLANG_WARN_BOOL_CONVERSION = YES;
				CLANG_WARN_CONSTANT_CONVERSION = YES;
				CLANG_WARN_DIRECT_OBJC_ISA_USAGE = YES_ERROR;
				CLANG_WARN_EMPTY_BODY = YES;
				CLANG_WARN_ENUM_CONVERSION = YES;
				CLANG_WARN_INT_CONVERSION = YES;
				CLANG_WARN_OBJC_ROOT_CLASS = YES_ERROR;
				CLANG_WARN_UNREACHABLE_CODE = YES;
				CLANG_WARN__DUPLICATE_METHOD_MATCH = YES;
				"CODE_SIGN_IDENTITY[sdk=iphoneos*]" = "iPhone Developer";
				COPY_PHASE_STRIP = NO;
				DEBUG_INFORMATION_FORMAT = dwarf;
				ENABLE_STRICT_OBJC_MSGSEND = YES;
				ENABLE_TESTABILITY = YES;
				GCC_C_LANGUAGE_STANDARD = gnu99;
				GCC_DYNAMIC_NO_PIC = NO;
				GCC_NO_COMMON_BLOCKS = YES;
				GCC_OPTIMIZATION_LEVEL = 0;
				GCC_PREPROCESSOR_DEFINITIONS = (
					"DEBUG=1",
					"$(inherited)",
				);
				GCC_WARN_64_TO_32_BIT_CONVERSION = YES;
				GCC_WARN_ABOUT_RETURN_TYPE = YES_ERROR;
				GCC_WARN_UNDECLARED_SELECTOR = YES;
				GCC_WARN_UNINITIALIZED_AUTOS = YES_AGGRESSIVE;
				GCC_WARN_UNUSED_FUNCTION = YES;
				GCC_WARN_UNUSED_VARIABLE = YES;
				IPHONEOS_DEPLOYMENT_TARGET = 9.2;
				MTL_ENABLE_DEBUG_INFO = YES;
				ONLY_ACTIVE_ARCH = YES;
				SDKROOT = iphoneos;
				TARGETED_DEVICE_FAMILY = "1,2";
			};
			name = Debug;
		};
		959386C51D7FC0850055C6BF /* Release */ = {
			isa = XCBuildConfiguration;
			buildSettings = {
				ALWAYS_SEARCH_USER_PATHS = NO;
				CLANG_CXX_LANGUAGE_STANDARD = "gnu++0x";
				CLANG_CXX_LIBRARY = "libc++";
				CLANG_ENABLE_MODULES = YES;
				CLANG_ENABLE_OBJC_ARC = YES;
				CLANG_WARN_BOOL_CONVERSION = YES;
				CLANG_WARN_CONSTANT_CONVERSION = YES;
				CLANG_WARN_DIRECT_OBJC_ISA_USAGE = YES_ERROR;
				CLANG_WARN_EMPTY_BODY = YES;
				CLANG_WARN_ENUM_CONVERSION = YES;
				CLANG_WARN_INT_CONVERSION = YES;
				CLANG_WARN_OBJC_ROOT_CLASS = YES_ERROR;
				CLANG_WARN_UNREACHABLE_CODE = YES;
				CLANG_WARN__DUPLICATE_METHOD_MATCH = YES;
				"CODE_SIGN_IDENTITY[sdk=iphoneos*]" = "iPhone Developer";
				COPY_PHASE_STRIP = NO;
				DEBUG_INFORMATION_FORMAT = "dwarf-with-dsym";
				ENABLE_NS_ASSERTIONS = NO;
				ENABLE_STRICT_OBJC_MSGSEND = YES;
				GCC_C_LANGUAGE_STANDARD = gnu99;
				GCC_NO_COMMON_BLOCKS = YES;
				GCC_WARN_64_TO_32_BIT_CONVERSION = YES;
				GCC_WARN_ABOUT_RETURN_TYPE = YES_ERROR;
				GCC_WARN_UNDECLARED_SELECTOR = YES;
				GCC_WARN_UNINITIALIZED_AUTOS = YES_AGGRESSIVE;
				GCC_WARN_UNUSED_FUNCTION = YES;
				GCC_WARN_UNUSED_VARIABLE = YES;
				IPHONEOS_DEPLOYMENT_TARGET = 9.2;
				MTL_ENABLE_DEBUG_INFO = NO;
				SDKROOT = iphoneos;
				TARGETED_DEVICE_FAMILY = "1,2";
				VALIDATE_PRODUCT = YES;
			};
			name = Release;
		};
		959386C71D7FC0850055C6BF /* Debug */ = {
			isa = XCBuildConfiguration;
			buildSettings = {
				ASSETCATALOG_COMPILER_APPICON_NAME = AppIcon;
				INFOPLIST_FILE = PurchaseCarAnimation/Info.plist;
				LD_RUNPATH_SEARCH_PATHS = "$(inherited) @executable_path/Frameworks";
				PRODUCT_BUNDLE_IDENTIFIER = com.dom.PurchaseCarAnimation;
				PRODUCT_NAME = "$(TARGET_NAME)";
			};
			name = Debug;
		};
		959386C81D7FC0850055C6BF /* Release */ = {
			isa = XCBuildConfiguration;
			buildSettings = {
				ASSETCATALOG_COMPILER_APPICON_NAME = AppIcon;
				INFOPLIST_FILE = PurchaseCarAnimation/Info.plist;
				LD_RUNPATH_SEARCH_PATHS = "$(inherited) @executable_path/Frameworks";
				PRODUCT_BUNDLE_IDENTIFIER = com.dom.PurchaseCarAnimation;
				PRODUCT_NAME = "$(TARGET_NAME)";
			};
			name = Release;
		};
/* End XCBuildConfiguration section */

/* Begin XCConfigurationList section */
		959386AA1D7FC0850055C6BF /* Build configuration list for PBXProject "PurchaseCarAnimation" */ = {
			isa = XCConfigurationList;
			buildConfigurations = (
				959386C41D7FC0850055C6BF /* Debug */,
				959386C51D7FC0850055C6BF /* Release */,
			);
			defaultConfigurationIsVisible = 0;
			defaultConfigurationName = Release;
		};
		959386C61D7FC0850055C6BF /* Build configuration list for PBXNativeTarget "PurchaseCarAnimation" */ = {
			isa = XCConfigurationList;
			buildConfigurations = (
				959386C71D7FC0850055C6BF /* Debug */,
				959386C81D7FC0850055C6BF /* Release */,
			);
			defaultConfigurationIsVisible = 0;
			defaultConfigurationName = Release;
		};
/* End XCConfigurationList section */
	};
	rootObject = 959386A71D7FC0850055C6BF /* Project object */;
}
